// !$*UTF8*$!
{
	archiveVersion = 1;
	classes = {
	};
	objectVersion = 46;
	objects = {

/* Begin PBXBuildFile section */
		DC657B151D531301007F9125 /* AppDelegate.swift in Sources */ = {isa = PBXBuildFile; fileRef = DC657B141D531301007F9125 /* AppDelegate.swift */; };
		DC657B171D531301007F9125 /* ViewController.swift in Sources */ = {isa = PBXBuildFile; fileRef = DC657B161D531301007F9125 /* ViewController.swift */; };
		DC657B1A1D531301007F9125 /* Main.storyboard in Resources */ = {isa = PBXBuildFile; fileRef = DC657B181D531301007F9125 /* Main.storyboard */; };
		DC657B1C1D531301007F9125 /* Assets.xcassets in Resources */ = {isa = PBXBuildFile; fileRef = DC657B1B1D531301007F9125 /* Assets.xcassets */; };
		DC657B1F1D531301007F9125 /* LaunchScreen.storyboard in Resources */ = {isa = PBXBuildFile; fileRef = DC657B1D1D531301007F9125 /* LaunchScreen.storyboard */; };
		DC657B2A1D531301007F9125 /* DayOneTests.swift in Sources */ = {isa = PBXBuildFile; fileRef = DC657B291D531301007F9125 /* DayOneTests.swift */; };
		DC657B351D531301007F9125 /* DayOneUITests.swift in Sources */ = {isa = PBXBuildFile; fileRef = DC657B341D531301007F9125 /* DayOneUITests.swift */; };
/* End PBXBuildFile section */

/* Begin PBXContainerItemProxy section */
		DC657B261D531301007F9125 /* PBXContainerItemProxy */ = {
			isa = PBXContainerItemProxy;
			containerPortal = DC657B091D531300007F9125 /* Project object */;
			proxyType = 1;
			remoteGlobalIDString = DC657B101D531300007F9125;
			remoteInfo = DayOne;
		};
		DC657B311D531301007F9125 /* PBXContainerItemProxy */ = {
			isa = PBXContainerItemProxy;
			containerPortal = DC657B091D531300007F9125 /* Project object */;
			proxyType = 1;
			remoteGlobalIDString = DC657B101D531300007F9125;
			remoteInfo = DayOne;
		};
/* End PBXContainerItemProxy section */

/* Begin PBXFileReference section */
		DC657B111D531301007F9125 /* DayOne.app */ = {isa = PBXFileReference; explicitFileType = wrapper.application; includeInIndex = 0; path = DayOne.app; sourceTree = BUILT_PRODUCTS_DIR; };
		DC657B141D531301007F9125 /* AppDelegate.swift */ = {isa = PBXFileReference; lastKnownFileType = sourcecode.swift; path = AppDelegate.swift; sourceTree = "<group>"; };
		DC657B161D531301007F9125 /* ViewController.swift */ = {isa = PBXFileReference; lastKnownFileType = sourcecode.swift; path = ViewController.swift; sourceTree = "<group>"; };
		DC657B191D531301007F9125 /* Base */ = {isa = PBXFileReference; lastKnownFileType = file.storyboard; name = Base; path = Base.lproj/Main.storyboard; sourceTree = "<group>"; };
		DC657B1B1D531301007F9125 /* Assets.xcassets */ = {isa = PBXFileReference; lastKnownFileType = folder.assetcatalog; path = Assets.xcassets; sourceTree = "<group>"; };
		DC657B1E1D531301007F9125 /* Base */ = {isa = PBXFileReference; lastKnownFileType = file.storyboard; name = Base; path = Base.lproj/LaunchScreen.storyboard; sourceTree = "<group>"; };
		DC657B201D531301007F9125 /* Info.plist */ = {isa = PBXFileReference; lastKnownFileType = text.plist.xml; path = Info.plist; sourceTree = "<group>"; };
		DC657B251D531301007F9125 /* DayOneTests.xctest */ = {isa = PBXFileReference; explicitFileType = wrapper.cfbundle; includeInIndex = 0; path = DayOneTests.xctest; sourceTree = BUILT_PRODUCTS_DIR; };
		DC657B291D531301007F9125 /* DayOneTests.swift */ = {isa = PBXFileReference; lastKnownFileType = sourcecode.swift; path = DayOneTests.swift; sourceTree = "<group>"; };
		DC657B2B1D531301007F9125 /* Info.plist */ = {isa = PBXFileReference; lastKnownFileType = text.plist.xml; path = Info.plist; sourceTree = "<group>"; };
		DC657B301D531301007F9125 /* DayOneUITests.xctest */ = {isa = PBXFileReference; explicitFileType = wrapper.cfbundle; includeInIndex = 0; path = DayOneUITests.xctest; sourceTree = BUILT_PRODUCTS_DIR; };
		DC657B341D531301007F9125 /* DayOneUITests.swift */ = {isa = PBXFileReference; lastKnownFileType = sourcecode.swift; path = DayOneUITests.swift; sourceTree = "<group>"; };
		DC657B361D531301007F9125 /* Info.plist */ = {isa = PBXFileReference; lastKnownFileType = text.plist.xml; path = Info.plist; sourceTree = "<group>"; };
/* End PBXFileReference section */

/* Begin PBXFrameworksBuildPhase section */
		DC657B0E1D531300007F9125 /* Frameworks */ = {
			isa = PBXFrameworksBuildPhase;
			buildActionMask = 2147483647;
			files = (
			);
			runOnlyForDeploymentPostprocessing = 0;
		};
		DC657B221D531301007F9125 /* Frameworks */ = {
			isa = PBXFrameworksBuildPhase;
			buildActionMask = 2147483647;
			files = (
			);
			runOnlyForDeploymentPostprocessing = 0;
		};
		DC657B2D1D531301007F9125 /* Frameworks */ = {
			isa = PBXFrameworksBuildPhase;
			buildActionMask = 2147483647;
			files = (
			);
			runOnlyForDeploymentPostprocessing = 0;
		};
/* End PBXFrameworksBuildPhase section */

/* Begin PBXGroup section */
		DC657B081D531300007F9125 = {
			isa = PBXGroup;
			children = (
				DC657B131D531301007F9125 /* DayOne */,
				DC657B281D531301007F9125 /* DayOneTests */,
				DC657B331D531301007F9125 /* DayOneUITests */,
				DC657B121D531301007F9125 /* Products */,
			);
			sourceTree = "<group>";
		};
		DC657B121D531301007F9125 /* Products */ = {
			isa = PBXGroup;
			children = (
				DC657B111D531301007F9125 /* DayOne.app */,
				DC657B251D531301007F9125 /* DayOneTests.xctest */,
				DC657B301D531301007F9125 /* DayOneUITests.xctest */,
			);
			name = Products;
			sourceTree = "<group>";
		};
		DC657B131D531301007F9125 /* DayOne */ = {
			isa = PBXGroup;
			children = (
				DC657B141D531301007F9125 /* AppDelegate.swift */,
				DC657B161D531301007F9125 /* ViewController.swift */,
				DC657B181D531301007F9125 /* Main.storyboard */,
				DC657B1B1D531301007F9125 /* Assets.xcassets */,
				DC657B1D1D531301007F9125 /* LaunchScreen.storyboard */,
				DC657B201D531301007F9125 /* Info.plist */,
			);
			path = DayOne;
			sourceTree = "<group>";
		};
		DC657B281D531301007F9125 /* DayOneTests */ = {
			isa = PBXGroup;
			children = (
				DC657B291D531301007F9125 /* DayOneTests.swift */,
				DC657B2B1D531301007F9125 /* Info.plist */,
			);
			path = DayOneTests;
			sourceTree = "<group>";
		};
		DC657B331D531301007F9125 /* DayOneUITests */ = {
			isa = PBXGroup;
			children = (
				DC657B341D531301007F9125 /* DayOneUITests.swift */,
				DC657B361D531301007F9125 /* Info.plist */,
			);
			path = DayOneUITests;
			sourceTree = "<group>";
		};
/* End PBXGroup section */

/* Begin PBXNativeTarget section */
		DC657B101D531300007F9125 /* DayOne */ = {
			isa = PBXNativeTarget;
			buildConfigurationList = DC657B391D531301007F9125 /* Build configuration list for PBXNativeTarget "DayOne" */;
			buildPhases = (
				DC657B0D1D531300007F9125 /* Sources */,
				DC657B0E1D531300007F9125 /* Frameworks */,
				DC657B0F1D531300007F9125 /* Resources */,
			);
			buildRules = (
			);
			dependencies = (
			);
			name = DayOne;
			productName = DayOne;
			productReference = DC657B111D531301007F9125 /* DayOne.app */;
			productType = "com.apple.product-type.application";
		};
		DC657B241D531301007F9125 /* DayOneTests */ = {
			isa = PBXNativeTarget;
			buildConfigurationList = DC657B3C1D531301007F9125 /* Build configuration list for PBXNativeTarget "DayOneTests" */;
			buildPhases = (
				DC657B211D531301007F9125 /* Sources */,
				DC657B221D531301007F9125 /* Frameworks */,
				DC657B231D531301007F9125 /* Resources */,
			);
			buildRules = (
			);
			dependencies = (
				DC657B271D531301007F9125 /* PBXTargetDependency */,
			);
			name = DayOneTests;
			productName = DayOneTests;
			productReference = DC657B251D531301007F9125 /* DayOneTests.xctest */;
			productType = "com.apple.product-type.bundle.unit-test";
		};
		DC657B2F1D531301007F9125 /* DayOneUITests */ = {
			isa = PBXNativeTarget;
			buildConfigurationList = DC657B3F1D531301007F9125 /* Build configuration list for PBXNativeTarget "DayOneUITests" */;
			buildPhases = (
				DC657B2C1D531301007F9125 /* Sources */,
				DC657B2D1D531301007F9125 /* Frameworks */,
				DC657B2E1D531301007F9125 /* Resources */,
			);
			buildRules = (
			);
			dependencies = (
				DC657B321D531301007F9125 /* PBXTargetDependency */,
			);
			name = DayOneUITests;
			productName = DayOneUITests;
			productReference = DC657B301D531301007F9125 /* DayOneUITests.xctest */;
			productType = "com.apple.product-type.bundle.ui-testing";
		};
/* End PBXNativeTarget section */

/* Begin PBXProject section */
		DC657B091D531300007F9125 /* Project object */ = {
			isa = PBXProject;
			attributes = {
				LastSwiftUpdateCheck = 0800;
				LastUpgradeCheck = 0800;
				ORGANIZATIONNAME = Fang;
				TargetAttributes = {
					DC657B101D531300007F9125 = {
						CreatedOnToolsVersion = 8.0;
						DevelopmentTeam = UUHH4G6PDA;
						DevelopmentTeamName = "Beijing Hong An Tu Sheng Technology Co., Ltd.";
						ProvisioningStyle = Automatic;
					};
					DC657B241D531301007F9125 = {
						CreatedOnToolsVersion = 8.0;
						DevelopmentTeam = UUHH4G6PDA;
						DevelopmentTeamName = "Beijing Hong An Tu Sheng Technology Co., Ltd.";
						ProvisioningStyle = Automatic;
						TestTargetID = DC657B101D531300007F9125;
					};
					DC657B2F1D531301007F9125 = {
						CreatedOnToolsVersion = 8.0;
						DevelopmentTeam = UUHH4G6PDA;
						DevelopmentTeamName = "Beijing Hong An Tu Sheng Technology Co., Ltd.";
						ProvisioningStyle = Automatic;
						TestTargetID = DC657B101D531300007F9125;
					};
				};
			};
			buildConfigurationList = DC657B0C1D531300007F9125 /* Build configuration list for PBXProject "DayOne" */;
			compatibilityVersion = "Xcode 3.2";
			developmentRegion = English;
			hasScannedForEncodings = 0;
			knownRegions = (
				en,
				Base,
			);
			mainGroup = DC657B081D531300007F9125;
			productRefGroup = DC657B121D531301007F9125 /* Products */;
			projectDirPath = "";
			projectRoot = "";
			targets = (
				DC657B101D531300007F9125 /* DayOne */,
				DC657B241D531301007F9125 /* DayOneTests */,
				DC657B2F1D531301007F9125 /* DayOneUITests */,
			);
		};
/* End PBXProject section */

/* Begin PBXResourcesBuildPhase section */
		DC657B0F1D531300007F9125 /* Resources */ = {
			isa = PBXResourcesBuildPhase;
			buildActionMask = 2147483647;
			files = (
				DC657B1F1D531301007F9125 /* LaunchScreen.storyboard in Resources */,
				DC657B1C1D531301007F9125 /* Assets.xcassets in Resources */,
				DC657B1A1D531301007F9125 /* Main.storyboard in Resources */,
			);
			runOnlyForDeploymentPostprocessing = 0;
		};
		DC657B231D531301007F9125 /* Resources */ = {
			isa = PBXResourcesBuildPhase;
			buildActionMask = 2147483647;
			files = (
			);
			runOnlyForDeploymentPostprocessing = 0;
		};
		DC657B2E1D531301007F9125 /* Resources */ = {
			isa = PBXResourcesBuildPhase;
			buildActionMask = 2147483647;
			files = (
			);
			runOnlyForDeploymentPostprocessing = 0;
		};
/* End PBXResourcesBuildPhase section */

/* Begin PBXSourcesBuildPhase section */
		DC657B0D1D531300007F9125 /* Sources */ = {
			isa = PBXSourcesBuildPhase;
			buildActionMask = 2147483647;
			files = (
				DC657B171D531301007F9125 /* ViewController.swift in Sources */,
				DC657B151D531301007F9125 /* AppDelegate.swift in Sources */,
			);
			runOnlyForDeploymentPostprocessing = 0;
		};
		DC657B211D531301007F9125 /* Sources */ = {
			isa = PBXSourcesBuildPhase;
			buildActionMask = 2147483647;
			files = (
				DC657B2A1D531301007F9125 /* DayOneTests.swift in Sources */,
			);
			runOnlyForDeploymentPostprocessing = 0;
		};
		DC657B2C1D531301007F9125 /* Sources */ = {
			isa = PBXSourcesBuildPhase;
			buildActionMask = 2147483647;
			files = (
				DC657B351D531301007F9125 /* DayOneUITests.swift in Sources */,
			);
			runOnlyForDeploymentPostprocessing = 0;
		};
/* End PBXSourcesBuildPhase section */

/* Begin PBXTargetDependency section */
		DC657B271D531301007F9125 /* PBXTargetDependency */ = {
			isa = PBXTargetDependency;
			target = DC657B101D531300007F9125 /* DayOne */;
			targetProxy = DC657B261D531301007F9125 /* PBXContainerItemProxy */;
		};
		DC657B321D531301007F9125 /* PBXTargetDependency */ = {
			isa = PBXTargetDependency;
			target = DC657B101D531300007F9125 /* DayOne */;
			targetProxy = DC657B311D531301007F9125 /* PBXContainerItemProxy */;
		};
/* End PBXTargetDependency section */

/* Begin PBXVariantGroup section */
		DC657B181D531301007F9125 /* Main.storyboard */ = {
			isa = PBXVariantGroup;
			children = (
				DC657B191D531301007F9125 /* Base */,
			);
			name = Main.storyboard;
			sourceTree = "<group>";
		};
		DC657B1D1D531301007F9125 /* LaunchScreen.storyboard */ = {
			isa = PBXVariantGroup;
			children = (
				DC657B1E1D531301007F9125 /* Base */,
			);
			name = LaunchScreen.storyboard;
			sourceTree = "<group>";
		};
/* End PBXVariantGroup section */

/* Begin XCBuildConfiguration section */
		DC657B371D531301007F9125 /* Debug */ = {
			isa = XCBuildConfiguration;
			buildSettings = {
				ALWAYS_SEARCH_USER_PATHS = NO;
				CLANG_ANALYZER_NONNULL = YES;
				CLANG_CXX_LANGUAGE_STANDARD = "gnu++0x";
				CLANG_CXX_LIBRARY = "libc++";
				CLANG_ENABLE_MODULES = YES;
				CLANG_ENABLE_OBJC_ARC = YES;
				CLANG_WARN_BOOL_CONVERSION = YES;
				CLANG_WARN_CONSTANT_CONVERSION = YES;
				CLANG_WARN_DIRECT_OBJC_ISA_USAGE = YES_ERROR;
				CLANG_WARN_DOCUMENTATION_COMMENTS = YES;
				CLANG_WARN_EMPTY_BODY = YES;
				CLANG_WARN_ENUM_CONVERSION = YES;
				CLANG_WARN_INT_CONVERSION = YES;
				CLANG_WARN_OBJC_ROOT_CLASS = YES_ERROR;
				CLANG_WARN_UNREACHABLE_CODE = YES;
				CLANG_WARN__DUPLICATE_METHOD_MATCH = YES;
				"CODE_SIGN_IDENTITY[sdk=iphoneos*]" = "iPhone Developer";
				COPY_PHASE_STRIP = NO;
				DEBUG_INFORMATION_FORMAT = dwarf;
				ENABLE_STRICT_OBJC_MSGSEND = YES;
				ENABLE_TESTABILITY = YES;
				GCC_C_LANGUAGE_STANDARD = gnu99;
				GCC_DYNAMIC_NO_PIC = NO;
				GCC_NO_COMMON_BLOCKS = YES;
				GCC_OPTIMIZATION_LEVEL = 0;
				GCC_PREPROCESSOR_DEFINITIONS = (
					"DEBUG=1",
					"$(inherited)",
				);
				GCC_WARN_64_TO_32_BIT_CONVERSION = YES;
				GCC_WARN_ABOUT_RETURN_TYPE = YES_ERROR;
				GCC_WARN_UNDECLARED_SELECTOR = YES;
				GCC_WARN_UNINITIALIZED_AUTOS = YES_AGGRESSIVE;
				GCC_WARN_UNUSED_FUNCTION = YES;
				GCC_WARN_UNUSED_VARIABLE = YES;
				IPHONEOS_DEPLOYMENT_TARGET = 10.0;
				MTL_ENABLE_DEBUG_INFO = YES;
				ONLY_ACTIVE_ARCH = YES;
				SDKROOT = iphoneos;
				SWIFT_ACTIVE_COMPILATION_CONDITIONS = DEBUG;
				SWIFT_OPTIMIZATION_LEVEL = "-Onone";
				TARGETED_DEVICE_FAMILY = "1,2";
			};
			name = Debug;
		};
		DC657B381D531301007F9125 /* Release */ = {
			isa = XCBuildConfiguration;
			buildSettings = {
				ALWAYS_SEARCH_USER_PATHS = NO;
				CLANG_ANALYZER_NONNULL = YES;
				CLANG_CXX_LANGUAGE_STANDARD = "gnu++0x";
				CLANG_CXX_LIBRARY = "libc++";
				CLANG_ENABLE_MODULES = YES;
				CLANG_ENABLE_OBJC_ARC = YES;
				CLANG_WARN_BOOL_CONVERSION = YES;
				CLANG_WARN_CONSTANT_CONVERSION = YES;
				CLANG_WARN_DIRECT_OBJC_ISA_USAGE = YES_ERROR;
				CLANG_WARN_DOCUMENTATION_COMMENTS = YES;
				CLANG_WARN_EMPTY_BODY = YES;
				CLANG_WARN_ENUM_CONVERSION = YES;
				CLANG_WARN_INT_CONVERSION = YES;
				CLANG_WARN_OBJC_ROOT_CLASS = YES_ERROR;
				CLANG_WARN_UNREACHABLE_CODE = YES;
				CLANG_WARN__DUPLICATE_METHOD_MATCH = YES;
				"CODE_SIGN_IDENTITY[sdk=iphoneos*]" = "iPhone Developer";
				COPY_PHASE_STRIP = NO;
				DEBUG_INFORMATION_FORMAT = "dwarf-with-dsym";
				ENABLE_NS_ASSERTIONS = NO;
				ENABLE_STRICT_OBJC_MSGSEND = YES;
				GCC_C_LANGUAGE_STANDARD = gnu99;
				GCC_NO_COMMON_BLOCKS = YES;
				GCC_WARN_64_TO_32_BIT_CONVERSION = YES;
				GCC_WARN_ABOUT_RETURN_TYPE = YES_ERROR;
				GCC_WARN_UNDECLARED_SELECTOR = YES;
				GCC_WARN_UNINITIALIZED_AUTOS = YES_AGGRESSIVE;
				GCC_WARN_UNUSED_FUNCTION = YES;
				GCC_WARN_UNUSED_VARIABLE = YES;
				IPHONEOS_DEPLOYMENT_TARGET = 10.0;
				MTL_ENABLE_DEBUG_INFO = NO;
				SDKROOT = iphoneos;
				SWIFT_OPTIMIZATION_LEVEL = "-Owholemodule";
				TARGETED_DEVICE_FAMILY = "1,2";
				VALIDATE_PRODUCT = YES;
			};
			name = Release;
		};
		DC657B3A1D531301007F9125 /* Debug */ = {
			isa = XCBuildConfiguration;
			buildSettings = {
				ASSETCATALOG_COMPILER_APPICON_NAME = AppIcon;
				INFOPLIST_FILE = DayOne/Info.plist;
				LD_RUNPATH_SEARCH_PATHS = "$(inherited) @executable_path/Frameworks";
				PRODUCT_BUNDLE_IDENTIFIER = com.Fang.DayOne;
				PRODUCT_NAME = "$(TARGET_NAME)";
				SWIFT_VERSION = 3.0;
			};
			name = Debug;
		};
		DC657B3B1D531301007F9125 /* Release */ = {
			isa = XCBuildConfiguration;
			buildSettings = {
				ASSETCATALOG_COMPILER_APPICON_NAME = AppIcon;
				INFOPLIST_FILE = DayOne/Info.plist;
				LD_RUNPATH_SEARCH_PATHS = "$(inherited) @executable_path/Frameworks";
				PRODUCT_BUNDLE_IDENTIFIER = com.Fang.DayOne;
				PRODUCT_NAME = "$(TARGET_NAME)";
				SWIFT_VERSION = 3.0;
			};
			name = Release;
		};
		DC657B3D1D531301007F9125 /* Debug */ = {
			isa = XCBuildConfiguration;
			buildSettings = {
				BUNDLE_LOADER = "$(TEST_HOST)";
				INFOPLIST_FILE = DayOneTests/Info.plist;
				LD_RUNPATH_SEARCH_PATHS = "$(inherited) @executable_path/Frameworks @loader_path/Frameworks";
				PRODUCT_BUNDLE_IDENTIFIER = com.Fang.DayOneTests;
				PRODUCT_NAME = "$(TARGET_NAME)";
				SWIFT_VERSION = 3.0;
				TEST_HOST = "$(BUILT_PRODUCTS_DIR)/DayOne.app/DayOne";
			};
			name = Debug;
		};
		DC657B3E1D531301007F9125 /* Release */ = {
			isa = XCBuildConfiguration;
			buildSettings = {
				BUNDLE_LOADER = "$(TEST_HOST)";
				INFOPLIST_FILE = DayOneTests/Info.plist;
				LD_RUNPATH_SEARCH_PATHS = "$(inherited) @executable_path/Frameworks @loader_path/Frameworks";
				PRODUCT_BUNDLE_IDENTIFIER = com.Fang.DayOneTests;
				PRODUCT_NAME = "$(TARGET_NAME)";
				SWIFT_VERSION = 3.0;
				TEST_HOST = "$(BUILT_PRODUCTS_DIR)/DayOne.app/DayOne";
			};
			name = Release;
		};
		DC657B401D531301007F9125 /* Debug */ = {
			isa = XCBuildConfiguration;
			buildSettings = {
				INFOPLIST_FILE = DayOneUITests/Info.plist;
				LD_RUNPATH_SEARCH_PATHS = "$(inherited) @executable_path/Frameworks @loader_path/Frameworks";
				PRODUCT_BUNDLE_IDENTIFIER = com.Fang.DayOneUITests;
				PRODUCT_NAME = "$(TARGET_NAME)";
				SWIFT_VERSION = 3.0;
				TEST_TARGET_NAME = DayOne;
			};
			name = Debug;
		};
		DC657B411D531301007F9125 /* Release */ = {
			isa = XCBuildConfiguration;
			buildSettings = {
				INFOPLIST_FILE = DayOneUITests/Info.plist;
				LD_RUNPATH_SEARCH_PATHS = "$(inherited) @executable_path/Frameworks @loader_path/Frameworks";
				PRODUCT_BUNDLE_IDENTIFIER = com.Fang.DayOneUITests;
				PRODUCT_NAME = "$(TARGET_NAME)";
				SWIFT_VERSION = 3.0;
				TEST_TARGET_NAME = DayOne;
			};
			name = Release;
		};
/* End XCBuildConfiguration section */

/* Begin XCConfigurationList section */
		DC657B0C1D531300007F9125 /* Build configuration list for PBXProject "DayOne" */ = {
			isa = XCConfigurationList;
			buildConfigurations = (
				DC657B371D531301007F9125 /* Debug */,
				DC657B381D531301007F9125 /* Release */,
			);
			defaultConfigurationIsVisible = 0;
			defaultConfigurationName = Release;
		};
		DC657B391D531301007F9125 /* Build configuration list for PBXNativeTarget "DayOne" */ = {
			isa = XCConfigurationList;
			buildConfigurations = (
				DC657B3A1D531301007F9125 /* Debug */,
				DC657B3B1D531301007F9125 /* Release */,
			);
			defaultConfigurationIsVisible = 0;
		};
		DC657B3C1D531301007F9125 /* Build configuration list for PBXNativeTarget "DayOneTests" */ = {
			isa = XCConfigurationList;
			buildConfigurations = (
				DC657B3D1D531301007F9125 /* Debug */,
				DC657B3E1D531301007F9125 /* Release */,
			);
			defaultConfigurationIsVisible = 0;
		};
		DC657B3F1D531301007F9125 /* Build configuration list for PBXNativeTarget "DayOneUITests" */ = {
			isa = XCConfigurationList;
			buildConfigurations = (
				DC657B401D531301007F9125 /* Debug */,
				DC657B411D531301007F9125 /* Release */,
			);
			defaultConfigurationIsVisible = 0;
		};
/* End XCConfigurationList section */
	};
	rootObject = DC657B091D531300007F9125 /* Project object */;
}
